
Microsoft Visual Studio Solution File, Format Version 12.00
# Visual Studio 15
VisualStudioVersion = 15.0.27130.2020
MinimumVisualStudioVersion = 10.0.40219.1
Project("{FAE04EC0-301F-11D3-BF4B-00C04F79EFBC}") = "DependOnMe.VsExtension", "DependOnMe.VsExtension\DependOnMe.VsExtension.csproj", "{E31867F0-93F3-43D6-8246-0569A86712BF}"
EndProject
Global
	GlobalSection(SolutionConfigurationPlatforms) = preSolution
		Debug|Any CPU = Debug|Any CPU
		Release|Any CPU = Release|Any CPU
	EndGlobalSection
	GlobalSection(ProjectConfigurationPlatforms) = postSolution
		{E31867F0-93F3-43D6-8246-0569A86712BF}.Debug|Any CPU.ActiveCfg = Debug|Any CPU
		{E31867F0-93F3-43D6-8246-0569A86712BF}.Debug|Any CPU.Build.0 = Debug|Any CPU
		{E31867F0-93F3-43D6-8246-0569A86712BF}.Release|Any CPU.ActiveCfg = Release|Any CPU
		{E31867F0-93F3-43D6-8246-0569A86712BF}.Release|Any CPU.Build.0 = Release|Any CPU
	EndGlobalSection
	GlobalSection(SolutionProperties) = preSolution
		HideSolutionNode = FALSE
	EndGlobalSection
	GlobalSection(ExtensibilityGlobals) = postSolution
		SolutionGuid = {EDAF61F4-9730-4578-8B29-BE4DEF8D071B}
	EndGlobalSection
EndGlobal
